
Microsoft Visual Studio Solution File, Format Version 12.00
# Visual Studio Version 17
VisualStudioVersion = 17.4.33213.308
MinimumVisualStudioVersion = 10.0.40219.1
Project("{FAE04EC0-301F-11D3-BF4B-00C04F79EFBC}") = "Лабораторная 2 БД Панков", "Лабораторная 2 БД Панков\Лабораторная 2 БД Панков.csproj", "{D56964F0-CB5C-468B-B491-7B420C2F601B}"
EndProject
Global
	GlobalSection(SolutionConfigurationPlatforms) = preSolution
		Debug|Any CPU = Debug|Any CPU
		Release|Any CPU = Release|Any CPU
	EndGlobalSection
	GlobalSection(ProjectConfigurationPlatforms) = postSolution
		{D56964F0-CB5C-468B-B491-7B420C2F601B}.Debug|Any CPU.ActiveCfg = Debug|Any CPU
		{D56964F0-CB5C-468B-B491-7B420C2F601B}.Debug|Any CPU.Build.0 = Debug|Any CPU
		{D56964F0-CB5C-468B-B491-7B420C2F601B}.Release|Any CPU.ActiveCfg = Release|Any CPU
		{D56964F0-CB5C-468B-B491-7B420C2F601B}.Release|Any CPU.Build.0 = Release|Any CPU
	EndGlobalSection
	GlobalSection(SolutionProperties) = preSolution
		HideSolutionNode = FALSE
	EndGlobalSection
	GlobalSection(ExtensibilityGlobals) = postSolution
		SolutionGuid = {239669EB-BA01-40D5-AFFF-075C49BC84EF}
	EndGlobalSection
EndGlobal
